
Microsoft Visual Studio Solution File, Format Version 12.00
# Visual Studio 15
VisualStudioVersion = 15.0.26124.0
MinimumVisualStudioVersion = 15.0.26124.0
Project("{2150E333-8FDC-42A3-9474-1A3956D46DE8}") = "src", "src", "{7C38DB97-DA07-4E81-B9AD-501915FB2810}"
EndProject
Project("{FAE04EC0-301F-11D3-BF4B-00C04F79EFBC}") = "StatlerWaldorfCorp.LocationService", "src\StatlerWaldorfCorp.LocationService\StatlerWaldorfCorp.LocationService.csproj", "{B5223193-E526-4FF3-B201-F3BBE5DEAA49}"
EndProject
Project("{2150E333-8FDC-42A3-9474-1A3956D46DE8}") = "test", "test", "{DF7DB0BB-D7BB-4B28-AA8D-F87E8ED46F38}"
EndProject
Project("{FAE04EC0-301F-11D3-BF4B-00C04F79EFBC}") = "StatlerWaldorfCorp.LocationService.Tests", "test\StatlerWaldorfCorp.LocationService.Tests\StatlerWaldorfCorp.LocationService.Tests.csproj", "{52F75F79-11CD-48E8-85A0-22891192C390}"
EndProject
Global
	GlobalSection(SolutionConfigurationPlatforms) = preSolution
		Debug|Any CPU = Debug|Any CPU
		Debug|x64 = Debug|x64
		Debug|x86 = Debug|x86
		Release|Any CPU = Release|Any CPU
		Release|x64 = Release|x64
		Release|x86 = Release|x86
	EndGlobalSection
	GlobalSection(SolutionProperties) = preSolution
		HideSolutionNode = FALSE
	EndGlobalSection
	GlobalSection(ProjectConfigurationPlatforms) = postSolution
		{B5223193-E526-4FF3-B201-F3BBE5DEAA49}.Debug|Any CPU.ActiveCfg = Debug|Any CPU
		{B5223193-E526-4FF3-B201-F3BBE5DEAA49}.Debug|Any CPU.Build.0 = Debug|Any CPU
		{B5223193-E526-4FF3-B201-F3BBE5DEAA49}.Debug|x64.ActiveCfg = Debug|Any CPU
		{B5223193-E526-4FF3-B201-F3BBE5DEAA49}.Debug|x64.Build.0 = Debug|Any CPU
		{B5223193-E526-4FF3-B201-F3BBE5DEAA49}.Debug|x86.ActiveCfg = Debug|Any CPU
		{B5223193-E526-4FF3-B201-F3BBE5DEAA49}.Debug|x86.Build.0 = Debug|Any CPU
		{B5223193-E526-4FF3-B201-F3BBE5DEAA49}.Release|Any CPU.ActiveCfg = Release|Any CPU
		{B5223193-E526-4FF3-B201-F3BBE5DEAA49}.Release|Any CPU.Build.0 = Release|Any CPU
		{B5223193-E526-4FF3-B201-F3BBE5DEAA49}.Release|x64.ActiveCfg = Release|Any CPU
		{B5223193-E526-4FF3-B201-F3BBE5DEAA49}.Release|x64.Build.0 = Release|Any CPU
		{B5223193-E526-4FF3-B201-F3BBE5DEAA49}.Release|x86.ActiveCfg = Release|Any CPU
		{B5223193-E526-4FF3-B201-F3BBE5DEAA49}.Release|x86.Build.0 = Release|Any CPU
		{52F75F79-11CD-48E8-85A0-22891192C390}.Debug|Any CPU.ActiveCfg = Debug|Any CPU
		{52F75F79-11CD-48E8-85A0-22891192C390}.Debug|Any CPU.Build.0 = Debug|Any CPU
		{52F75F79-11CD-48E8-85A0-22891192C390}.Debug|x64.ActiveCfg = Debug|Any CPU
		{52F75F79-11CD-48E8-85A0-22891192C390}.Debug|x64.Build.0 = Debug|Any CPU
		{52F75F79-11CD-48E8-85A0-22891192C390}.Debug|x86.ActiveCfg = Debug|Any CPU
		{52F75F79-11CD-48E8-85A0-22891192C390}.Debug|x86.Build.0 = Debug|Any CPU
		{52F75F79-11CD-48E8-85A0-22891192C390}.Release|Any CPU.ActiveCfg = Release|Any CPU
		{52F75F79-11CD-48E8-85A0-22891192C390}.Release|Any CPU.Build.0 = Release|Any CPU
		{52F75F79-11CD-48E8-85A0-22891192C390}.Release|x64.ActiveCfg = Release|Any CPU
		{52F75F79-11CD-48E8-85A0-22891192C390}.Release|x64.Build.0 = Release|Any CPU
		{52F75F79-11CD-48E8-85A0-22891192C390}.Release|x86.ActiveCfg = Release|Any CPU
		{52F75F79-11CD-48E8-85A0-22891192C390}.Release|x86.Build.0 = Release|Any CPU
	EndGlobalSection
	GlobalSection(NestedProjects) = preSolution
		{B5223193-E526-4FF3-B201-F3BBE5DEAA49} = {7C38DB97-DA07-4E81-B9AD-501915FB2810}
		{52F75F79-11CD-48E8-85A0-22891192C390} = {DF7DB0BB-D7BB-4B28-AA8D-F87E8ED46F38}
	EndGlobalSection
EndGlobal
